{
  "name": "token-guardrail",
  "version": "0.1.0",
  "lockfileVersion": 3,
  "requires": true,
  "packages": {
    "": {
      "name": "token-guardrail",
      "version": "0.1.0",
      "license": "SEE LICENSE IN LICENSE",
      "bin": {
        "token-guardrail": "src/cli.js"
      }
    }
  }
}
